
Microsoft Visual Studio Solution File, Format Version 12.00
# Visual Studio Version 16
VisualStudioVersion = 16.0.29509.3
MinimumVisualStudioVersion = 10.0.40219.1
Project("{FAE04EC0-301F-11D3-BF4B-00C04F79EFBC}") = "proszedzialaj", "proszedzialaj.csproj", "{62230B03-4408-411E-9E9B-406EB0B318D8}"
EndProject
Global
	GlobalSection(SolutionConfigurationPlatforms) = preSolution
		Debug|Any CPU = Debug|Any CPU
		Release|Any CPU = Release|Any CPU
	EndGlobalSection
	GlobalSection(ProjectConfigurationPlatforms) = postSolution
		{62230B03-4408-411E-9E9B-406EB0B318D8}.Debug|Any CPU.ActiveCfg = Debug|Any CPU
		{62230B03-4408-411E-9E9B-406EB0B318D8}.Debug|Any CPU.Build.0 = Debug|Any CPU
		{62230B03-4408-411E-9E9B-406EB0B318D8}.Release|Any CPU.ActiveCfg = Release|Any CPU
		{62230B03-4408-411E-9E9B-406EB0B318D8}.Release|Any CPU.Build.0 = Release|Any CPU
	EndGlobalSection
	GlobalSection(SolutionProperties) = preSolution
		HideSolutionNode = FALSE
	EndGlobalSection
	GlobalSection(ExtensibilityGlobals) = postSolution
		SolutionGuid = {54FC9063-3C70-40F9-9FE2-0C2950EBD008}
	EndGlobalSection
EndGlobal
